<?xml version="1.0" encoding="utf-8"?>
<Project ToolsVersion="4.0" xmlns="http://schemas.microsoft.com/developer/msbuild/2003">
  <ItemGroup>
    <Filter Include="Classes">
      <UniqueIdentifier>{fc5cb953-2953-4968-83b3-39e3ff951754}</UniqueIdentifier>
    </Filter>
    <Filter Include="win32">
      <UniqueIdentifier>{037a9a02-b906-4cc5-ad98-304acd4e25ee}</UniqueIdentifier>
    </Filter>
    <Filter Include="resource">
      <UniqueIdentifier>{2d1d0979-58cd-4ab6-b91c-13650158f1fa}</UniqueIdentifier>
    </Filter>
    <Filter Include="Classes\common">
      <UniqueIdentifier>{def355df-c9e5-410e-9629-dc9a7728aa93}</UniqueIdentifier>
    </Filter>
    <Filter Include="Classes\lua-bindings">
      <UniqueIdentifier>{bce3e0b9-fb35-41d8-a3ec-acb420dfeb22}</UniqueIdentifier>
    </Filter>
    <Filter Include="Classes\yasio">
      <UniqueIdentifier>{3865c3c2-477a-4658-9f78-e01fff3621dd}</UniqueIdentifier>
    </Filter>
    <Filter Include="Classes\protobuf">
      <UniqueIdentifier>{87a735f7-876b-492f-ad28-1f0d7787e62e}</UniqueIdentifier>
    </Filter>
    <Filter Include="Classes\net">
      <UniqueIdentifier>{eb343745-d7dd-4f11-a951-71870abc56d5}</UniqueIdentifier>
    </Filter>
    <Filter Include="Classes\iagora">
      <UniqueIdentifier>{b57cb04c-7402-49fa-ae22-16dddf5f4827}</UniqueIdentifier>
    </Filter>
  </ItemGroup>
  <ItemGroup>
    <ClInclude Include="..\Classes\AppDelegate.h">
      <Filter>Classes</Filter>
    </ClInclude>
    <ClInclude Include="main.h">
      <Filter>win32</Filter>
    </ClInclude>
    <ClInclude Include="SimulatorWin.h" />
    <ClInclude Include="stdafx.h">
      <Filter>win32</Filter>
    </ClInclude>
    <ClInclude Include="targetver.h">
      <Filter>win32</Filter>
    </ClInclude>
    <ClInclude Include="..\Classes\common\ResManage.h">
      <Filter>Classes\common</Filter>
    </ClInclude>
    <ClInclude Include="..\Classes\common\Utils.h">
      <Filter>Classes\common</Filter>
    </ClInclude>
    <ClInclude Include="..\Classes\LuaSystemCall.h">
      <Filter>Classes</Filter>
    </ClInclude>
    <ClInclude Include="..\Classes\GlobleUpdate.h">
      <Filter>Classes</Filter>
    </ClInclude>
    <ClInclude Include="..\Classes\lua-bindings\lua_kuizhi_auto.hpp">
      <Filter>Classes\lua-bindings</Filter>
    </ClInclude>
    <ClInclude Include="..\..\yasio\yasio\bindings\yasio_cclua.h">
      <Filter>Classes\yasio</Filter>
    </ClInclude>
    <ClInclude Include="..\..\yasio\yasio\bindings\lyasio.h">
      <Filter>Classes\yasio</Filter>
    </ClInclude>
    <ClInclude Include="..\Classes\protobuf\pbc_lua.h">
      <Filter>Classes\protobuf</Filter>
    </ClInclude>
    <ClInclude Include="..\Classes\protobuf\pb.h">
      <Filter>Classes\protobuf</Filter>
    </ClInclude>
    <ClInclude Include="..\Classes\common\DeviceManager.h">
      <Filter>Classes\common</Filter>
    </ClInclude>
    <ClInclude Include="..\Classes\CustomLuaBindins.h">
      <Filter>Classes</Filter>
    </ClInclude>
    <ClInclude Include="..\Classes\common\LayerCustom.h">
      <Filter>Classes\common</Filter>
    </ClInclude>
    <ClInclude Include="..\Classes\common\MagicAnimation.h">
      <Filter>Classes\common</Filter>
    </ClInclude>
    <ClInclude Include="..\Classes\common\ExtCocosEffect.h">
      <Filter>Classes\common</Filter>
    </ClInclude>
    <ClInclude Include="..\Classes\common\cEntity.h">
      <Filter>Classes\common</Filter>
    </ClInclude>
    <ClInclude Include="..\Classes\common\cMagic.h">
      <Filter>Classes\common</Filter>
    </ClInclude>
    <ClInclude Include="..\Classes\common\ExtMagicManager.h">
      <Filter>Classes\common</Filter>
    </ClInclude>
    <ClInclude Include="..\..\yasio\external\kcp\ikcp.h">
      <Filter>Classes\net</Filter>
    </ClInclude>
    <ClInclude Include="..\Classes\agora\AgoraBase.h">
      <Filter>Classes\iagora</Filter>
    </ClInclude>
    <ClInclude Include="..\Classes\agora\IAgoraLog.h">
      <Filter>Classes\iagora</Filter>
    </ClInclude>
    <ClInclude Include="..\Classes\agora\IAgoraMediaEngine.h">
      <Filter>Classes\iagora</Filter>
    </ClInclude>
    <ClInclude Include="..\Classes\agora\IAgoraRtcChannel.h">
      <Filter>Classes\iagora</Filter>
    </ClInclude>
    <ClInclude Include="..\Classes\agora\IAgoraRtcEngine.h">
      <Filter>Classes\iagora</Filter>
    </ClInclude>
    <ClInclude Include="..\Classes\agora\IAgoraService.h">
      <Filter>Classes\iagora</Filter>
    </ClInclude>
    <ClInclude Include="resource.h">
      <Filter>Classes\iagora</Filter>
    </ClInclude>
    <ClInclude Include="..\Classes\common\IAgoraRoomManager.h">
      <Filter>Classes\common</Filter>
    </ClInclude>
    <ClInclude Include="..\Classes\common\IAgoraMessageManage.hpp">
      <Filter>Classes\common</Filter>
    </ClInclude>
    <ClInclude Include="..\Classes\common\IGamingRtcEngineEventHandler.h">
      <Filter>Classes\common</Filter>
    </ClInclude>
  </ItemGroup>
  <ItemGroup>
    <ClCompile Include="..\Classes\AppDelegate.cpp">
      <Filter>Classes</Filter>
    </ClCompile>
    <ClCompile Include="main.cpp">
      <Filter>win32</Filter>
    </ClCompile>
    <ClCompile Include="SimulatorWin.cpp" />
    <ClCompile Include="stdafx.cpp">
      <Filter>win32</Filter>
    </ClCompile>
    <ClCompile Include="..\Classes\common\ResManage.cpp">
      <Filter>Classes\common</Filter>
    </ClCompile>
    <ClCompile Include="..\Classes\common\Utils.cpp">
      <Filter>Classes\common</Filter>
    </ClCompile>
    <ClCompile Include="..\Classes\LuaSystemCall.cpp">
      <Filter>Classes</Filter>
    </ClCompile>
    <ClCompile Include="..\Classes\GlobleUpdate.cpp">
      <Filter>Classes</Filter>
    </ClCompile>
    <ClCompile Include="..\Classes\lua-bindings\lua_kuizhi_auto.cpp">
      <Filter>Classes\lua-bindings</Filter>
    </ClCompile>
    <ClCompile Include="..\..\yasio\yasio\bindings\yasio_cclua.cpp">
      <Filter>Classes\yasio</Filter>
    </ClCompile>
    <ClCompile Include="..\..\yasio\yasio\bindings\lyasio.cpp">
      <Filter>Classes\yasio</Filter>
    </ClCompile>
    <ClCompile Include="..\Classes\protobuf\pb.c">
      <Filter>Classes\protobuf</Filter>
    </ClCompile>
    <ClCompile Include="..\Classes\common\DeviceManager.cpp">
      <Filter>Classes\common</Filter>
    </ClCompile>
    <ClCompile Include="..\Classes\common\LayerCustom.cpp">
      <Filter>Classes\common</Filter>
    </ClCompile>
    <ClCompile Include="..\Classes\common\MagicAnimation.cpp">
      <Filter>Classes\common</Filter>
    </ClCompile>
    <ClCompile Include="..\Classes\common\ExtCocosEffect.cpp">
      <Filter>Classes\common</Filter>
    </ClCompile>
    <ClCompile Include="..\Classes\common\cEntity.cpp">
      <Filter>Classes\common</Filter>
    </ClCompile>
    <ClCompile Include="..\Classes\common\cMagic.cpp">
      <Filter>Classes\common</Filter>
    </ClCompile>
    <ClCompile Include="..\Classes\common\ExtMagicManager.cpp">
      <Filter>Classes\common</Filter>
    </ClCompile>
    <ClCompile Include="..\..\yasio\external\kcp\ikcp.c">
      <Filter>Classes\net</Filter>
    </ClCompile>
    <ClCompile Include="..\Classes\common\IAgoraRoomManager.cpp">
      <Filter>Classes\common</Filter>
    </ClCompile>
    <ClCompile Include="..\Classes\common\IAgoraMessageManage.cpp">
      <Filter>Classes\common</Filter>
    </ClCompile>
    <ClCompile Include="..\Classes\common\IGamingRtcEngineEventHandler.cpp">
      <Filter>Classes\common</Filter>
    </ClCompile>
  </ItemGroup>
  <ItemGroup>
    <ResourceCompile Include="game.rc">
      <Filter>resource</Filter>
    </ResourceCompile>
  </ItemGroup>
  <ItemGroup>
    <Image Include="res\game.ico" />
  </ItemGroup>
</Project>